
Microsoft Visual Studio Solution File, Format Version 12.00
# Visual Studio Version 16
VisualStudioVersion = 16.0.31729.503
MinimumVisualStudioVersion = 10.0.40219.1
Project("{FAE04EC0-301F-11D3-BF4B-00C04F79EFBC}") = "tableau", "tableau.csproj", "{A49FCEB8-F5CA-4F9D-9F66-C4F87FDB5F26}"
EndProject
Global
	GlobalSection(SolutionConfigurationPlatforms) = preSolution
		Debug|Any CPU = Debug|Any CPU
		Release|Any CPU = Release|Any CPU
	EndGlobalSection
	GlobalSection(ProjectConfigurationPlatforms) = postSolution
		{A49FCEB8-F5CA-4F9D-9F66-C4F87FDB5F26}.Debug|Any CPU.ActiveCfg = Debug|Any CPU
		{A49FCEB8-F5CA-4F9D-9F66-C4F87FDB5F26}.Debug|Any CPU.Build.0 = Debug|Any CPU
		{A49FCEB8-F5CA-4F9D-9F66-C4F87FDB5F26}.Release|Any CPU.ActiveCfg = Release|Any CPU
		{A49FCEB8-F5CA-4F9D-9F66-C4F87FDB5F26}.Release|Any CPU.Build.0 = Release|Any CPU
	EndGlobalSection
	GlobalSection(SolutionProperties) = preSolution
		HideSolutionNode = FALSE
	EndGlobalSection
	GlobalSection(ExtensibilityGlobals) = postSolution
		SolutionGuid = {0B269492-13EC-4B22-8ED8-972F892F7D51}
	EndGlobalSection
EndGlobal
